
Microsoft Visual Studio Solution File, Format Version 11.00
# Visual Studio 2010
Project("{FAE04EC0-301F-11D3-BF4B-00C04F79EFBC}") = "JakiesGowno", "JakiesGowno\JakiesGowno\JakiesGowno.csproj", "{E6805F19-F40D-40EF-A7E9-78081B7CA5C4}"
EndProject
Project("{96E2B04D-8817-42C6-938A-82C39BA4D311}") = "JakiesGownoContent", "JakiesGowno\JakiesGownoContent\JakiesGownoContent.contentproj", "{A4891B36-E18A-48BD-8E38-88839F808F3C}"
EndProject
Global
	GlobalSection(SolutionConfigurationPlatforms) = preSolution
		Debug|x86 = Debug|x86
		Release|x86 = Release|x86
	EndGlobalSection
	GlobalSection(ProjectConfigurationPlatforms) = postSolution
		{E6805F19-F40D-40EF-A7E9-78081B7CA5C4}.Debug|x86.ActiveCfg = Debug|x86
		{E6805F19-F40D-40EF-A7E9-78081B7CA5C4}.Debug|x86.Build.0 = Debug|x86
		{E6805F19-F40D-40EF-A7E9-78081B7CA5C4}.Release|x86.ActiveCfg = Release|x86
		{E6805F19-F40D-40EF-A7E9-78081B7CA5C4}.Release|x86.Build.0 = Release|x86
		{A4891B36-E18A-48BD-8E38-88839F808F3C}.Debug|x86.ActiveCfg = Debug|x86
		{A4891B36-E18A-48BD-8E38-88839F808F3C}.Release|x86.ActiveCfg = Release|x86
	EndGlobalSection
	GlobalSection(SolutionProperties) = preSolution
		HideSolutionNode = FALSE
	EndGlobalSection
EndGlobal
